
Microsoft Visual Studio Solution File, Format Version 12.00
# Visual Studio Version 17
VisualStudioVersion = 17.3.32825.248
MinimumVisualStudioVersion = 10.0.40219.1
Project("{FAE04EC0-301F-11D3-BF4B-00C04F79EFBC}") = "Sp1Cantallops", "Sp1Cantallops.csproj", "{5A93A006-AEDF-42C0-B96B-D3C959350E21}"
EndProject
Global
	GlobalSection(SolutionConfigurationPlatforms) = preSolution
		Debug|Any CPU = Debug|Any CPU
		Release|Any CPU = Release|Any CPU
	EndGlobalSection
	GlobalSection(ProjectConfigurationPlatforms) = postSolution
		{5A93A006-AEDF-42C0-B96B-D3C959350E21}.Debug|Any CPU.ActiveCfg = Debug|Any CPU
		{5A93A006-AEDF-42C0-B96B-D3C959350E21}.Debug|Any CPU.Build.0 = Debug|Any CPU
		{5A93A006-AEDF-42C0-B96B-D3C959350E21}.Release|Any CPU.ActiveCfg = Release|Any CPU
		{5A93A006-AEDF-42C0-B96B-D3C959350E21}.Release|Any CPU.Build.0 = Release|Any CPU
	EndGlobalSection
	GlobalSection(SolutionProperties) = preSolution
		HideSolutionNode = FALSE
	EndGlobalSection
	GlobalSection(ExtensibilityGlobals) = postSolution
		SolutionGuid = {D42011C0-EACC-4E2B-B372-F078982D5242}
	EndGlobalSection
EndGlobal
